
Microsoft Visual Studio Solution File, Format Version 12.00
# Visual Studio Version 17
VisualStudioVersion = 17.0.31903.59
MinimumVisualStudioVersion = 10.0.40219.1
Project("{FAE04EC0-301F-11D3-BF4B-00C04F79EFBC}") = "Day01", "Day01\Day01.csproj", "{A024FDE1-91B9-4020-83F5-A05F36A466BA}"
EndProject
Project("{FAE04EC0-301F-11D3-BF4B-00C04F79EFBC}") = "Day02", "Day02\Day02.csproj", "{A61B501D-32CE-44EB-99B6-4EA774669DE8}"
EndProject
Project("{FAE04EC0-301F-11D3-BF4B-00C04F79EFBC}") = "Day03", "Day03\Day03.csproj", "{25D01307-9F09-487A-9EC1-86486DA397F2}"
EndProject
Project("{FAE04EC0-301F-11D3-BF4B-00C04F79EFBC}") = "Day04", "Day04\Day04.csproj", "{251CC5CC-9C92-43A0-90C6-2ABE525EEDB2}"
EndProject
Project("{FAE04EC0-301F-11D3-BF4B-00C04F79EFBC}") = "Day05", "Day05\Day05.csproj", "{2AD7D4A6-45AD-46CF-A9F4-0877E2DFE07B}"
EndProject
Project("{FAE04EC0-301F-11D3-BF4B-00C04F79EFBC}") = "Day06", "Day06\Day06.csproj", "{FAF874F0-5344-469B-A9D6-494577FA7F53}"
EndProject
Project("{FAE04EC0-301F-11D3-BF4B-00C04F79EFBC}") = "Day07", "Day07\Day07.csproj", "{37F0BB3F-B9B1-4FBF-A582-3F148DA2C669}"
EndProject
Project("{FAE04EC0-301F-11D3-BF4B-00C04F79EFBC}") = "Day08", "Day08\Day08.csproj", "{32E2C3D1-B8FD-4C5C-950E-86AC801843C0}"
EndProject
Project("{FAE04EC0-301F-11D3-BF4B-00C04F79EFBC}") = "Day09", "Day09\Day09.csproj", "{C96D28F4-A4A4-4B97-8E2D-E155AB82D4D6}"
EndProject
Project("{FAE04EC0-301F-11D3-BF4B-00C04F79EFBC}") = "Day10", "Day10\Day10.csproj", "{769D7D66-6D07-4D1D-85CD-6DAA0D4886B1}"
EndProject
Project("{FAE04EC0-301F-11D3-BF4B-00C04F79EFBC}") = "Day11", "Day11\Day11.csproj", "{D7D3F8ED-0E14-4AF0-98C9-5B0092B56B21}"
EndProject
Project("{FAE04EC0-301F-11D3-BF4B-00C04F79EFBC}") = "Day12", "Day12\Day12.csproj", "{2435505F-5F48-4C7F-A5FC-1AD6C766DDA4}"
EndProject
Project("{FAE04EC0-301F-11D3-BF4B-00C04F79EFBC}") = "Day13", "Day13\Day13.csproj", "{C0D6267B-C888-46A7-A0C1-4C0E7079C1EC}"
EndProject
Project("{FAE04EC0-301F-11D3-BF4B-00C04F79EFBC}") = "Day14", "Day14\Day14.csproj", "{1EDC27C9-DCDE-4917-8FC8-B4708AAADAE5}"
EndProject
Project("{FAE04EC0-301F-11D3-BF4B-00C04F79EFBC}") = "Day16", "Day16\Day16.csproj", "{92CD5F38-CEE1-43EE-80A7-C8637ADAE1E1}"
EndProject
Project("{FAE04EC0-301F-11D3-BF4B-00C04F79EFBC}") = "Day17", "Day17\Day17.csproj", "{F408C5FF-5E58-425C-A062-4CD09F6D606F}"
EndProject
Project("{FAE04EC0-301F-11D3-BF4B-00C04F79EFBC}") = "Day18", "Day18\Day18.csproj", "{A8505935-1C13-4E3F-AB8A-998EE6C7DE88}"
EndProject
Project("{FAE04EC0-301F-11D3-BF4B-00C04F79EFBC}") = "Day19", "Day19\Day19.csproj", "{CAB6B0C6-7F36-46F3-8F08-6BF7EE156276}"
EndProject
Project("{FAE04EC0-301F-11D3-BF4B-00C04F79EFBC}") = "Day20", "Day20\Day20.csproj", "{B7BB82C7-467A-48AD-BD74-5BC894497E5F}"
EndProject
Project("{FAE04EC0-301F-11D3-BF4B-00C04F79EFBC}") = "Day21", "Day21\Day21.csproj", "{3B613DE1-D702-40F8-8128-3AE735D3869D}"
EndProject
Project("{FAE04EC0-301F-11D3-BF4B-00C04F79EFBC}") = "Day22", "Day22\Day22.csproj", "{F1B794DD-7153-4C9F-9AE8-76E8EEC73CD4}"
EndProject
Global
	GlobalSection(SolutionConfigurationPlatforms) = preSolution
		Debug|Any CPU = Debug|Any CPU
		Release|Any CPU = Release|Any CPU
	EndGlobalSection
	GlobalSection(ProjectConfigurationPlatforms) = postSolution
		{A024FDE1-91B9-4020-83F5-A05F36A466BA}.Debug|Any CPU.ActiveCfg = Debug|Any CPU
		{A024FDE1-91B9-4020-83F5-A05F36A466BA}.Debug|Any CPU.Build.0 = Debug|Any CPU
		{A024FDE1-91B9-4020-83F5-A05F36A466BA}.Release|Any CPU.ActiveCfg = Release|Any CPU
		{A024FDE1-91B9-4020-83F5-A05F36A466BA}.Release|Any CPU.Build.0 = Release|Any CPU
		{A61B501D-32CE-44EB-99B6-4EA774669DE8}.Debug|Any CPU.ActiveCfg = Debug|Any CPU
		{A61B501D-32CE-44EB-99B6-4EA774669DE8}.Debug|Any CPU.Build.0 = Debug|Any CPU
		{A61B501D-32CE-44EB-99B6-4EA774669DE8}.Release|Any CPU.ActiveCfg = Release|Any CPU
		{A61B501D-32CE-44EB-99B6-4EA774669DE8}.Release|Any CPU.Build.0 = Release|Any CPU
		{25D01307-9F09-487A-9EC1-86486DA397F2}.Debug|Any CPU.ActiveCfg = Debug|Any CPU
		{25D01307-9F09-487A-9EC1-86486DA397F2}.Debug|Any CPU.Build.0 = Debug|Any CPU
		{25D01307-9F09-487A-9EC1-86486DA397F2}.Release|Any CPU.ActiveCfg = Release|Any CPU
		{25D01307-9F09-487A-9EC1-86486DA397F2}.Release|Any CPU.Build.0 = Release|Any CPU
		{251CC5CC-9C92-43A0-90C6-2ABE525EEDB2}.Debug|Any CPU.ActiveCfg = Debug|Any CPU
		{251CC5CC-9C92-43A0-90C6-2ABE525EEDB2}.Debug|Any CPU.Build.0 = Debug|Any CPU
		{251CC5CC-9C92-43A0-90C6-2ABE525EEDB2}.Release|Any CPU.ActiveCfg = Release|Any CPU
		{251CC5CC-9C92-43A0-90C6-2ABE525EEDB2}.Release|Any CPU.Build.0 = Release|Any CPU
		{2AD7D4A6-45AD-46CF-A9F4-0877E2DFE07B}.Debug|Any CPU.ActiveCfg = Debug|Any CPU
		{2AD7D4A6-45AD-46CF-A9F4-0877E2DFE07B}.Debug|Any CPU.Build.0 = Debug|Any CPU
		{2AD7D4A6-45AD-46CF-A9F4-0877E2DFE07B}.Release|Any CPU.ActiveCfg = Release|Any CPU
		{2AD7D4A6-45AD-46CF-A9F4-0877E2DFE07B}.Release|Any CPU.Build.0 = Release|Any CPU
		{FAF874F0-5344-469B-A9D6-494577FA7F53}.Debug|Any CPU.ActiveCfg = Debug|Any CPU
		{FAF874F0-5344-469B-A9D6-494577FA7F53}.Debug|Any CPU.Build.0 = Debug|Any CPU
		{FAF874F0-5344-469B-A9D6-494577FA7F53}.Release|Any CPU.ActiveCfg = Release|Any CPU
		{FAF874F0-5344-469B-A9D6-494577FA7F53}.Release|Any CPU.Build.0 = Release|Any CPU
		{37F0BB3F-B9B1-4FBF-A582-3F148DA2C669}.Debug|Any CPU.ActiveCfg = Debug|Any CPU
		{37F0BB3F-B9B1-4FBF-A582-3F148DA2C669}.Debug|Any CPU.Build.0 = Debug|Any CPU
		{37F0BB3F-B9B1-4FBF-A582-3F148DA2C669}.Release|Any CPU.ActiveCfg = Release|Any CPU
		{37F0BB3F-B9B1-4FBF-A582-3F148DA2C669}.Release|Any CPU.Build.0 = Release|Any CPU
		{32E2C3D1-B8FD-4C5C-950E-86AC801843C0}.Debug|Any CPU.ActiveCfg = Debug|Any CPU
		{32E2C3D1-B8FD-4C5C-950E-86AC801843C0}.Debug|Any CPU.Build.0 = Debug|Any CPU
		{32E2C3D1-B8FD-4C5C-950E-86AC801843C0}.Release|Any CPU.ActiveCfg = Release|Any CPU
		{32E2C3D1-B8FD-4C5C-950E-86AC801843C0}.Release|Any CPU.Build.0 = Release|Any CPU
		{C96D28F4-A4A4-4B97-8E2D-E155AB82D4D6}.Debug|Any CPU.ActiveCfg = Debug|Any CPU
		{C96D28F4-A4A4-4B97-8E2D-E155AB82D4D6}.Debug|Any CPU.Build.0 = Debug|Any CPU
		{C96D28F4-A4A4-4B97-8E2D-E155AB82D4D6}.Release|Any CPU.ActiveCfg = Release|Any CPU
		{C96D28F4-A4A4-4B97-8E2D-E155AB82D4D6}.Release|Any CPU.Build.0 = Release|Any CPU
		{769D7D66-6D07-4D1D-85CD-6DAA0D4886B1}.Debug|Any CPU.ActiveCfg = Debug|Any CPU
		{769D7D66-6D07-4D1D-85CD-6DAA0D4886B1}.Debug|Any CPU.Build.0 = Debug|Any CPU
		{769D7D66-6D07-4D1D-85CD-6DAA0D4886B1}.Release|Any CPU.ActiveCfg = Release|Any CPU
		{769D7D66-6D07-4D1D-85CD-6DAA0D4886B1}.Release|Any CPU.Build.0 = Release|Any CPU
		{D7D3F8ED-0E14-4AF0-98C9-5B0092B56B21}.Debug|Any CPU.ActiveCfg = Debug|Any CPU
		{D7D3F8ED-0E14-4AF0-98C9-5B0092B56B21}.Debug|Any CPU.Build.0 = Debug|Any CPU
		{D7D3F8ED-0E14-4AF0-98C9-5B0092B56B21}.Release|Any CPU.ActiveCfg = Release|Any CPU
		{D7D3F8ED-0E14-4AF0-98C9-5B0092B56B21}.Release|Any CPU.Build.0 = Release|Any CPU
		{2435505F-5F48-4C7F-A5FC-1AD6C766DDA4}.Debug|Any CPU.ActiveCfg = Debug|Any CPU
		{2435505F-5F48-4C7F-A5FC-1AD6C766DDA4}.Debug|Any CPU.Build.0 = Debug|Any CPU
		{2435505F-5F48-4C7F-A5FC-1AD6C766DDA4}.Release|Any CPU.ActiveCfg = Release|Any CPU
		{2435505F-5F48-4C7F-A5FC-1AD6C766DDA4}.Release|Any CPU.Build.0 = Release|Any CPU
		{C0D6267B-C888-46A7-A0C1-4C0E7079C1EC}.Debug|Any CPU.ActiveCfg = Debug|Any CPU
		{C0D6267B-C888-46A7-A0C1-4C0E7079C1EC}.Debug|Any CPU.Build.0 = Debug|Any CPU
		{C0D6267B-C888-46A7-A0C1-4C0E7079C1EC}.Release|Any CPU.ActiveCfg = Release|Any CPU
		{C0D6267B-C888-46A7-A0C1-4C0E7079C1EC}.Release|Any CPU.Build.0 = Release|Any CPU
		{1EDC27C9-DCDE-4917-8FC8-B4708AAADAE5}.Debug|Any CPU.ActiveCfg = Debug|Any CPU
		{1EDC27C9-DCDE-4917-8FC8-B4708AAADAE5}.Debug|Any CPU.Build.0 = Debug|Any CPU
		{1EDC27C9-DCDE-4917-8FC8-B4708AAADAE5}.Release|Any CPU.ActiveCfg = Release|Any CPU
		{1EDC27C9-DCDE-4917-8FC8-B4708AAADAE5}.Release|Any CPU.Build.0 = Release|Any CPU
		{92CD5F38-CEE1-43EE-80A7-C8637ADAE1E1}.Debug|Any CPU.ActiveCfg = Debug|Any CPU
		{92CD5F38-CEE1-43EE-80A7-C8637ADAE1E1}.Debug|Any CPU.Build.0 = Debug|Any CPU
		{92CD5F38-CEE1-43EE-80A7-C8637ADAE1E1}.Release|Any CPU.ActiveCfg = Release|Any CPU
		{92CD5F38-CEE1-43EE-80A7-C8637ADAE1E1}.Release|Any CPU.Build.0 = Release|Any CPU
		{F408C5FF-5E58-425C-A062-4CD09F6D606F}.Debug|Any CPU.ActiveCfg = Debug|Any CPU
		{F408C5FF-5E58-425C-A062-4CD09F6D606F}.Debug|Any CPU.Build.0 = Debug|Any CPU
		{F408C5FF-5E58-425C-A062-4CD09F6D606F}.Release|Any CPU.ActiveCfg = Release|Any CPU
		{F408C5FF-5E58-425C-A062-4CD09F6D606F}.Release|Any CPU.Build.0 = Release|Any CPU
		{A8505935-1C13-4E3F-AB8A-998EE6C7DE88}.Debug|Any CPU.ActiveCfg = Debug|Any CPU
		{A8505935-1C13-4E3F-AB8A-998EE6C7DE88}.Debug|Any CPU.Build.0 = Debug|Any CPU
		{A8505935-1C13-4E3F-AB8A-998EE6C7DE88}.Release|Any CPU.ActiveCfg = Release|Any CPU
		{A8505935-1C13-4E3F-AB8A-998EE6C7DE88}.Release|Any CPU.Build.0 = Release|Any CPU
		{CAB6B0C6-7F36-46F3-8F08-6BF7EE156276}.Debug|Any CPU.ActiveCfg = Debug|Any CPU
		{CAB6B0C6-7F36-46F3-8F08-6BF7EE156276}.Debug|Any CPU.Build.0 = Debug|Any CPU
		{CAB6B0C6-7F36-46F3-8F08-6BF7EE156276}.Release|Any CPU.ActiveCfg = Release|Any CPU
		{CAB6B0C6-7F36-46F3-8F08-6BF7EE156276}.Release|Any CPU.Build.0 = Release|Any CPU
		{B7BB82C7-467A-48AD-BD74-5BC894497E5F}.Debug|Any CPU.ActiveCfg = Debug|Any CPU
		{B7BB82C7-467A-48AD-BD74-5BC894497E5F}.Debug|Any CPU.Build.0 = Debug|Any CPU
		{B7BB82C7-467A-48AD-BD74-5BC894497E5F}.Release|Any CPU.ActiveCfg = Release|Any CPU
		{B7BB82C7-467A-48AD-BD74-5BC894497E5F}.Release|Any CPU.Build.0 = Release|Any CPU
		{3B613DE1-D702-40F8-8128-3AE735D3869D}.Debug|Any CPU.ActiveCfg = Debug|Any CPU
		{3B613DE1-D702-40F8-8128-3AE735D3869D}.Debug|Any CPU.Build.0 = Debug|Any CPU
		{3B613DE1-D702-40F8-8128-3AE735D3869D}.Release|Any CPU.ActiveCfg = Release|Any CPU
		{3B613DE1-D702-40F8-8128-3AE735D3869D}.Release|Any CPU.Build.0 = Release|Any CPU
		{F1B794DD-7153-4C9F-9AE8-76E8EEC73CD4}.Debug|Any CPU.ActiveCfg = Debug|Any CPU
		{F1B794DD-7153-4C9F-9AE8-76E8EEC73CD4}.Debug|Any CPU.Build.0 = Debug|Any CPU
		{F1B794DD-7153-4C9F-9AE8-76E8EEC73CD4}.Release|Any CPU.ActiveCfg = Release|Any CPU
		{F1B794DD-7153-4C9F-9AE8-76E8EEC73CD4}.Release|Any CPU.Build.0 = Release|Any CPU
	EndGlobalSection
	GlobalSection(SolutionProperties) = preSolution
		HideSolutionNode = FALSE
	EndGlobalSection
EndGlobal
